// !$*UTF8*$!
{
	archiveVersion = 1;
	classes = {
	};
	objectVersion = 50;
	objects = {

/* Begin PBXBuildFile section */
		500256D52509248B00B32C91 /* WatchKitMemoryLeak WatchKit App.app in Embed Watch Content */ = {isa = PBXBuildFile; fileRef = 500256D42509248B00B32C91 /* WatchKitMemoryLeak WatchKit App.app */; settings = {ATTRIBUTES = (RemoveHeadersOnCopy, ); }; };
		500256DB2509248B00B32C91 /* Interface.storyboard in Resources */ = {isa = PBXBuildFile; fileRef = 500256D92509248B00B32C91 /* Interface.storyboard */; };
		500256DD2509248C00B32C91 /* Assets.xcassets in Resources */ = {isa = PBXBuildFile; fileRef = 500256DC2509248C00B32C91 /* Assets.xcassets */; };
		500256E42509248C00B32C91 /* WatchKitMemoryLeak WatchKit Extension.appex in Embed App Extensions */ = {isa = PBXBuildFile; fileRef = 500256E32509248C00B32C91 /* WatchKitMemoryLeak WatchKit Extension.appex */; settings = {ATTRIBUTES = (RemoveHeadersOnCopy, ); }; };
		500256EB2509248C00B32C91 /* ExtensionDelegate.swift in Sources */ = {isa = PBXBuildFile; fileRef = 500256EA2509248C00B32C91 /* ExtensionDelegate.swift */; };
		500256ED2509248C00B32C91 /* Assets.xcassets in Resources */ = {isa = PBXBuildFile; fileRef = 500256EC2509248C00B32C91 /* Assets.xcassets */; };
		500256FD2509251D00B32C91 /* MainInterfaceController.swift in Sources */ = {isa = PBXBuildFile; fileRef = 500256FC2509251D00B32C91 /* MainInterfaceController.swift */; };
		500256FF2509252C00B32C91 /* SecondInterfaceController.swift in Sources */ = {isa = PBXBuildFile; fileRef = 500256FE2509252C00B32C91 /* SecondInterfaceController.swift */; };
		50025701250925CF00B32C91 /* Context.swift in Sources */ = {isa = PBXBuildFile; fileRef = 50025700250925CF00B32C91 /* Context.swift */; };
		500257032509289500B32C91 /* FirstInterfaceController.swift in Sources */ = {isa = PBXBuildFile; fileRef = 500257022509289500B32C91 /* FirstInterfaceController.swift */; };
/* End PBXBuildFile section */

/* Begin PBXContainerItemProxy section */
		500256D62509248B00B32C91 /* PBXContainerItemProxy */ = {
			isa = PBXContainerItemProxy;
			containerPortal = 500256CA2509248A00B32C91 /* Project object */;
			proxyType = 1;
			remoteGlobalIDString = 500256D32509248B00B32C91;
			remoteInfo = "WatchKitMemoryLeak WatchKit App";
		};
		500256E52509248C00B32C91 /* PBXContainerItemProxy */ = {
			isa = PBXContainerItemProxy;
			containerPortal = 500256CA2509248A00B32C91 /* Project object */;
			proxyType = 1;
			remoteGlobalIDString = 500256E22509248C00B32C91;
			remoteInfo = "WatchKitMemoryLeak WatchKit Extension";
		};
/* End PBXContainerItemProxy section */

/* Begin PBXCopyFilesBuildPhase section */
		500256F42509248C00B32C91 /* Embed App Extensions */ = {
			isa = PBXCopyFilesBuildPhase;
			buildActionMask = 2147483647;
			dstPath = "";
			dstSubfolderSpec = 13;
			files = (
				500256E42509248C00B32C91 /* WatchKitMemoryLeak WatchKit Extension.appex in Embed App Extensions */,
			);
			name = "Embed App Extensions";
			runOnlyForDeploymentPostprocessing = 0;
		};
		500256F82509248C00B32C91 /* Embed Watch Content */ = {
			isa = PBXCopyFilesBuildPhase;
			buildActionMask = 2147483647;
			dstPath = "$(CONTENTS_FOLDER_PATH)/Watch";
			dstSubfolderSpec = 16;
			files = (
				500256D52509248B00B32C91 /* WatchKitMemoryLeak WatchKit App.app in Embed Watch Content */,
			);
			name = "Embed Watch Content";
			runOnlyForDeploymentPostprocessing = 0;
		};
/* End PBXCopyFilesBuildPhase section */

/* Begin PBXFileReference section */
		500256D02509248B00B32C91 /* WatchKitMemoryLeak.app */ = {isa = PBXFileReference; explicitFileType = wrapper.application; includeInIndex = 0; path = WatchKitMemoryLeak.app; sourceTree = BUILT_PRODUCTS_DIR; };
		500256D42509248B00B32C91 /* WatchKitMemoryLeak WatchKit App.app */ = {isa = PBXFileReference; explicitFileType = wrapper.application; includeInIndex = 0; path = "WatchKitMemoryLeak WatchKit App.app"; sourceTree = BUILT_PRODUCTS_DIR; };
		500256DA2509248B00B32C91 /* Base */ = {isa = PBXFileReference; lastKnownFileType = file.storyboard; name = Base; path = Base.lproj/Interface.storyboard; sourceTree = "<group>"; };
		500256DC2509248C00B32C91 /* Assets.xcassets */ = {isa = PBXFileReference; lastKnownFileType = folder.assetcatalog; path = Assets.xcassets; sourceTree = "<group>"; };
		500256DE2509248C00B32C91 /* Info.plist */ = {isa = PBXFileReference; lastKnownFileType = text.plist.xml; path = Info.plist; sourceTree = "<group>"; };
		500256E32509248C00B32C91 /* WatchKitMemoryLeak WatchKit Extension.appex */ = {isa = PBXFileReference; explicitFileType = "wrapper.app-extension"; includeInIndex = 0; path = "WatchKitMemoryLeak WatchKit Extension.appex"; sourceTree = BUILT_PRODUCTS_DIR; };
		500256EA2509248C00B32C91 /* ExtensionDelegate.swift */ = {isa = PBXFileReference; lastKnownFileType = sourcecode.swift; path = ExtensionDelegate.swift; sourceTree = "<group>"; };
		500256EC2509248C00B32C91 /* Assets.xcassets */ = {isa = PBXFileReference; lastKnownFileType = folder.assetcatalog; path = Assets.xcassets; sourceTree = "<group>"; };
		500256EE2509248C00B32C91 /* Info.plist */ = {isa = PBXFileReference; lastKnownFileType = text.plist.xml; path = Info.plist; sourceTree = "<group>"; };
		500256FC2509251D00B32C91 /* MainInterfaceController.swift */ = {isa = PBXFileReference; lastKnownFileType = sourcecode.swift; path = MainInterfaceController.swift; sourceTree = "<group>"; };
		500256FE2509252C00B32C91 /* SecondInterfaceController.swift */ = {isa = PBXFileReference; lastKnownFileType = sourcecode.swift; path = SecondInterfaceController.swift; sourceTree = "<group>"; };
		50025700250925CF00B32C91 /* Context.swift */ = {isa = PBXFileReference; lastKnownFileType = sourcecode.swift; path = Context.swift; sourceTree = "<group>"; };
		500257022509289500B32C91 /* FirstInterfaceController.swift */ = {isa = PBXFileReference; lastKnownFileType = sourcecode.swift; path = FirstInterfaceController.swift; sourceTree = "<group>"; };
/* End PBXFileReference section */

/* Begin PBXFrameworksBuildPhase section */
		500256E02509248C00B32C91 /* Frameworks */ = {
			isa = PBXFrameworksBuildPhase;
			buildActionMask = 2147483647;
			files = (
			);
			runOnlyForDeploymentPostprocessing = 0;
		};
/* End PBXFrameworksBuildPhase section */

/* Begin PBXGroup section */
		500256C92509248A00B32C91 = {
			isa = PBXGroup;
			children = (
				500256D82509248B00B32C91 /* WatchKitMemoryLeak WatchKit App */,
				500256E72509248C00B32C91 /* WatchKitMemoryLeak WatchKit Extension */,
				500256D12509248B00B32C91 /* Products */,
			);
			sourceTree = "<group>";
		};
		500256D12509248B00B32C91 /* Products */ = {
			isa = PBXGroup;
			children = (
				500256D02509248B00B32C91 /* WatchKitMemoryLeak.app */,
				500256D42509248B00B32C91 /* WatchKitMemoryLeak WatchKit App.app */,
				500256E32509248C00B32C91 /* WatchKitMemoryLeak WatchKit Extension.appex */,
			);
			name = Products;
			sourceTree = "<group>";
		};
		500256D82509248B00B32C91 /* WatchKitMemoryLeak WatchKit App */ = {
			isa = PBXGroup;
			children = (
				500256D92509248B00B32C91 /* Interface.storyboard */,
				500256DC2509248C00B32C91 /* Assets.xcassets */,
				500256DE2509248C00B32C91 /* Info.plist */,
			);
			path = "WatchKitMemoryLeak WatchKit App";
			sourceTree = "<group>";
		};
		500256E72509248C00B32C91 /* WatchKitMemoryLeak WatchKit Extension */ = {
			isa = PBXGroup;
			children = (
				500256FC2509251D00B32C91 /* MainInterfaceController.swift */,
				500257022509289500B32C91 /* FirstInterfaceController.swift */,
				500256FE2509252C00B32C91 /* SecondInterfaceController.swift */,
				500256EA2509248C00B32C91 /* ExtensionDelegate.swift */,
				500256EC2509248C00B32C91 /* Assets.xcassets */,
				500256EE2509248C00B32C91 /* Info.plist */,
				50025700250925CF00B32C91 /* Context.swift */,
			);
			path = "WatchKitMemoryLeak WatchKit Extension";
			sourceTree = "<group>";
		};
/* End PBXGroup section */

/* Begin PBXNativeTarget section */
		500256CF2509248A00B32C91 /* WatchKitMemoryLeak */ = {
			isa = PBXNativeTarget;
			buildConfigurationList = 500256F92509248C00B32C91 /* Build configuration list for PBXNativeTarget "WatchKitMemoryLeak" */;
			buildPhases = (
				500256CE2509248A00B32C91 /* Resources */,
				500256F82509248C00B32C91 /* Embed Watch Content */,
			);
			buildRules = (
			);
			dependencies = (
				500256D72509248B00B32C91 /* PBXTargetDependency */,
			);
			name = WatchKitMemoryLeak;
			productName = WatchKitMemoryLeak;
			productReference = 500256D02509248B00B32C91 /* WatchKitMemoryLeak.app */;
			productType = "com.apple.product-type.application.watchapp2-container";
		};
		500256D32509248B00B32C91 /* WatchKitMemoryLeak WatchKit App */ = {
			isa = PBXNativeTarget;
			buildConfigurationList = 500256F52509248C00B32C91 /* Build configuration list for PBXNativeTarget "WatchKitMemoryLeak WatchKit App" */;
			buildPhases = (
				500256D22509248B00B32C91 /* Resources */,
				500256F42509248C00B32C91 /* Embed App Extensions */,
			);
			buildRules = (
			);
			dependencies = (
				500256E62509248C00B32C91 /* PBXTargetDependency */,
			);
			name = "WatchKitMemoryLeak WatchKit App";
			productName = "WatchKitMemoryLeak WatchKit App";
			productReference = 500256D42509248B00B32C91 /* WatchKitMemoryLeak WatchKit App.app */;
			productType = "com.apple.product-type.application.watchapp2";
		};
		500256E22509248C00B32C91 /* WatchKitMemoryLeak WatchKit Extension */ = {
			isa = PBXNativeTarget;
			buildConfigurationList = 500256F12509248C00B32C91 /* Build configuration list for PBXNativeTarget "WatchKitMemoryLeak WatchKit Extension" */;
			buildPhases = (
				500256DF2509248C00B32C91 /* Sources */,
				500256E02509248C00B32C91 /* Frameworks */,
				500256E12509248C00B32C91 /* Resources */,
			);
			buildRules = (
			);
			dependencies = (
			);
			name = "WatchKitMemoryLeak WatchKit Extension";
			productName = "WatchKitMemoryLeak WatchKit Extension";
			productReference = 500256E32509248C00B32C91 /* WatchKitMemoryLeak WatchKit Extension.appex */;
			productType = "com.apple.product-type.watchkit2-extension";
		};
/* End PBXNativeTarget section */

/* Begin PBXProject section */
		500256CA2509248A00B32C91 /* Project object */ = {
			isa = PBXProject;
			attributes = {
				LastSwiftUpdateCheck = 1170;
				LastUpgradeCheck = 1170;
				ORGANIZATIONNAME = MySwimPro;
				TargetAttributes = {
					500256CF2509248A00B32C91 = {
						CreatedOnToolsVersion = 11.7;
					};
					500256D32509248B00B32C91 = {
						CreatedOnToolsVersion = 11.7;
					};
					500256E22509248C00B32C91 = {
						CreatedOnToolsVersion = 11.7;
					};
				};
			};
			buildConfigurationList = 500256CD2509248A00B32C91 /* Build configuration list for PBXProject "WatchKitMemoryLeak" */;
			compatibilityVersion = "Xcode 9.3";
			developmentRegion = en;
			hasScannedForEncodings = 0;
			knownRegions = (
				en,
				Base,
			);
			mainGroup = 500256C92509248A00B32C91;
			productRefGroup = 500256D12509248B00B32C91 /* Products */;
			projectDirPath = "";
			projectRoot = "";
			targets = (
				500256CF2509248A00B32C91 /* WatchKitMemoryLeak */,
				500256D32509248B00B32C91 /* WatchKitMemoryLeak WatchKit App */,
				500256E22509248C00B32C91 /* WatchKitMemoryLeak WatchKit Extension */,
			);
		};
/* End PBXProject section */

/* Begin PBXResourcesBuildPhase section */
		500256CE2509248A00B32C91 /* Resources */ = {
			isa = PBXResourcesBuildPhase;
			buildActionMask = 2147483647;
			files = (
			);
			runOnlyForDeploymentPostprocessing = 0;
		};
		500256D22509248B00B32C91 /* Resources */ = {
			isa = PBXResourcesBuildPhase;
			buildActionMask = 2147483647;
			files = (
				500256DD2509248C00B32C91 /* Assets.xcassets in Resources */,
				500256DB2509248B00B32C91 /* Interface.storyboard in Resources */,
			);
			runOnlyForDeploymentPostprocessing = 0;
		};
		500256E12509248C00B32C91 /* Resources */ = {
			isa = PBXResourcesBuildPhase;
			buildActionMask = 2147483647;
			files = (
				500256ED2509248C00B32C91 /* Assets.xcassets in Resources */,
			);
			runOnlyForDeploymentPostprocessing = 0;
		};
/* End PBXResourcesBuildPhase section */

/* Begin PBXSourcesBuildPhase section */
		500256DF2509248C00B32C91 /* Sources */ = {
			isa = PBXSourcesBuildPhase;
			buildActionMask = 2147483647;
			files = (
				500256EB2509248C00B32C91 /* ExtensionDelegate.swift in Sources */,
				50025701250925CF00B32C91 /* Context.swift in Sources */,
				500256FD2509251D00B32C91 /* MainInterfaceController.swift in Sources */,
				500256FF2509252C00B32C91 /* SecondInterfaceController.swift in Sources */,
				500257032509289500B32C91 /* FirstInterfaceController.swift in Sources */,
			);
			runOnlyForDeploymentPostprocessing = 0;
		};
/* End PBXSourcesBuildPhase section */

/* Begin PBXTargetDependency section */
		500256D72509248B00B32C91 /* PBXTargetDependency */ = {
			isa = PBXTargetDependency;
			target = 500256D32509248B00B32C91 /* WatchKitMemoryLeak WatchKit App */;
			targetProxy = 500256D62509248B00B32C91 /* PBXContainerItemProxy */;
		};
		500256E62509248C00B32C91 /* PBXTargetDependency */ = {
			isa = PBXTargetDependency;
			target = 500256E22509248C00B32C91 /* WatchKitMemoryLeak WatchKit Extension */;
			targetProxy = 500256E52509248C00B32C91 /* PBXContainerItemProxy */;
		};
/* End PBXTargetDependency section */

/* Begin PBXVariantGroup section */
		500256D92509248B00B32C91 /* Interface.storyboard */ = {
			isa = PBXVariantGroup;
			children = (
				500256DA2509248B00B32C91 /* Base */,
			);
			name = Interface.storyboard;
			sourceTree = "<group>";
		};
/* End PBXVariantGroup section */

/* Begin XCBuildConfiguration section */
		500256EF2509248C00B32C91 /* Debug */ = {
			isa = XCBuildConfiguration;
			buildSettings = {
				ALWAYS_SEARCH_USER_PATHS = NO;
				CLANG_ANALYZER_NONNULL = YES;
				CLANG_ANALYZER_NUMBER_OBJECT_CONVERSION = YES_AGGRESSIVE;
				CLANG_CXX_LANGUAGE_STANDARD = "gnu++14";
				CLANG_CXX_LIBRARY = "libc++";
				CLANG_ENABLE_MODULES = YES;
				CLANG_ENABLE_OBJC_ARC = YES;
				CLANG_ENABLE_OBJC_WEAK = YES;
				CLANG_WARN_BLOCK_CAPTURE_AUTORELEASING = YES;
				CLANG_WARN_BOOL_CONVERSION = YES;
				CLANG_WARN_COMMA = YES;
				CLANG_WARN_CONSTANT_CONVERSION = YES;
				CLANG_WARN_DEPRECATED_OBJC_IMPLEMENTATIONS = YES;
				CLANG_WARN_DIRECT_OBJC_ISA_USAGE = YES_ERROR;
				CLANG_WARN_DOCUMENTATION_COMMENTS = YES;
				CLANG_WARN_EMPTY_BODY = YES;
				CLANG_WARN_ENUM_CONVERSION = YES;
				CLANG_WARN_INFINITE_RECURSION = YES;
				CLANG_WARN_INT_CONVERSION = YES;
				CLANG_WARN_NON_LITERAL_NULL_CONVERSION = YES;
				CLANG_WARN_OBJC_IMPLICIT_RETAIN_SELF = YES;
				CLANG_WARN_OBJC_LITERAL_CONVERSION = YES;
				CLANG_WARN_OBJC_ROOT_CLASS = YES_ERROR;
				CLANG_WARN_RANGE_LOOP_ANALYSIS = YES;
				CLANG_WARN_STRICT_PROTOTYPES = YES;
				CLANG_WARN_SUSPICIOUS_MOVE = YES;
				CLANG_WARN_UNGUARDED_AVAILABILITY = YES_AGGRESSIVE;
				CLANG_WARN_UNREACHABLE_CODE = YES;
				CLANG_WARN__DUPLICATE_METHOD_MATCH = YES;
				COPY_PHASE_STRIP = NO;
				DEBUG_INFORMATION_FORMAT = dwarf;
				ENABLE_STRICT_OBJC_MSGSEND = YES;
				ENABLE_TESTABILITY = YES;
				GCC_C_LANGUAGE_STANDARD = gnu11;
				GCC_DYNAMIC_NO_PIC = NO;
				GCC_NO_COMMON_BLOCKS = YES;
				GCC_OPTIMIZATION_LEVEL = 0;
				GCC_PREPROCESSOR_DEFINITIONS = (
					"DEBUG=1",
					"$(inherited)",
				);
				GCC_WARN_64_TO_32_BIT_CONVERSION = YES;
				GCC_WARN_ABOUT_RETURN_TYPE = YES_ERROR;
				GCC_WARN_UNDECLARED_SELECTOR = YES;
				GCC_WARN_UNINITIALIZED_AUTOS = YES_AGGRESSIVE;
				GCC_WARN_UNUSED_FUNCTION = YES;
				GCC_WARN_UNUSED_VARIABLE = YES;
				MTL_ENABLE_DEBUG_INFO = INCLUDE_SOURCE;
				MTL_FAST_MATH = YES;
				ONLY_ACTIVE_ARCH = YES;
				SDKROOT = iphoneos;
				SWIFT_ACTIVE_COMPILATION_CONDITIONS = DEBUG;
				SWIFT_OPTIMIZATION_LEVEL = "-Onone";
			};
			name = Debug;
		};
		500256F02509248C00B32C91 /* Release */ = {
			isa = XCBuildConfiguration;
			buildSettings = {
				ALWAYS_SEARCH_USER_PATHS = NO;
				CLANG_ANALYZER_NONNULL = YES;
				CLANG_ANALYZER_NUMBER_OBJECT_CONVERSION = YES_AGGRESSIVE;
				CLANG_CXX_LANGUAGE_STANDARD = "gnu++14";
				CLANG_CXX_LIBRARY = "libc++";
				CLANG_ENABLE_MODULES = YES;
				CLANG_ENABLE_OBJC_ARC = YES;
				CLANG_ENABLE_OBJC_WEAK = YES;
				CLANG_WARN_BLOCK_CAPTURE_AUTORELEASING = YES;
				CLANG_WARN_BOOL_CONVERSION = YES;
				CLANG_WARN_COMMA = YES;
				CLANG_WARN_CONSTANT_CONVERSION = YES;
				CLANG_WARN_DEPRECATED_OBJC_IMPLEMENTATIONS = YES;
				CLANG_WARN_DIRECT_OBJC_ISA_USAGE = YES_ERROR;
				CLANG_WARN_DOCUMENTATION_COMMENTS = YES;
				CLANG_WARN_EMPTY_BODY = YES;
				CLANG_WARN_ENUM_CONVERSION = YES;
				CLANG_WARN_INFINITE_RECURSION = YES;
				CLANG_WARN_INT_CONVERSION = YES;
				CLANG_WARN_NON_LITERAL_NULL_CONVERSION = YES;
				CLANG_WARN_OBJC_IMPLICIT_RETAIN_SELF = YES;
				CLANG_WARN_OBJC_LITERAL_CONVERSION = YES;
				CLANG_WARN_OBJC_ROOT_CLASS = YES_ERROR;
				CLANG_WARN_RANGE_LOOP_ANALYSIS = YES;
				CLANG_WARN_STRICT_PROTOTYPES = YES;
				CLANG_WARN_SUSPICIOUS_MOVE = YES;
				CLANG_WARN_UNGUARDED_AVAILABILITY = YES_AGGRESSIVE;
				CLANG_WARN_UNREACHABLE_CODE = YES;
				CLANG_WARN__DUPLICATE_METHOD_MATCH = YES;
				COPY_PHASE_STRIP = NO;
				DEBUG_INFORMATION_FORMAT = "dwarf-with-dsym";
				ENABLE_NS_ASSERTIONS = NO;
				ENABLE_STRICT_OBJC_MSGSEND = YES;
				GCC_C_LANGUAGE_STANDARD = gnu11;
				GCC_NO_COMMON_BLOCKS = YES;
				GCC_WARN_64_TO_32_BIT_CONVERSION = YES;
				GCC_WARN_ABOUT_RETURN_TYPE = YES_ERROR;
				GCC_WARN_UNDECLARED_SELECTOR = YES;
				GCC_WARN_UNINITIALIZED_AUTOS = YES_AGGRESSIVE;
				GCC_WARN_UNUSED_FUNCTION = YES;
				GCC_WARN_UNUSED_VARIABLE = YES;
				MTL_ENABLE_DEBUG_INFO = NO;
				MTL_FAST_MATH = YES;
				SDKROOT = iphoneos;
				SWIFT_COMPILATION_MODE = wholemodule;
				SWIFT_OPTIMIZATION_LEVEL = "-O";
				VALIDATE_PRODUCT = YES;
			};
			name = Release;
		};
		500256F22509248C00B32C91 /* Debug */ = {
			isa = XCBuildConfiguration;
			buildSettings = {
				ASSETCATALOG_COMPILER_COMPLICATION_NAME = Complication;
				CODE_SIGN_STYLE = Automatic;
				INFOPLIST_FILE = "WatchKitMemoryLeak WatchKit Extension/Info.plist";
				LD_RUNPATH_SEARCH_PATHS = (
					"$(inherited)",
					"@executable_path/Frameworks",
					"@executable_path/../../Frameworks",
				);
				PRODUCT_BUNDLE_IDENTIFIER = com.myswimpro.apps.MySwimPro.WatchKitMemoryLeak.watchkitapp.watchkitextension;
				PRODUCT_NAME = "${TARGET_NAME}";
				SDKROOT = watchos;
				SKIP_INSTALL = YES;
				SWIFT_VERSION = 5.0;
				TARGETED_DEVICE_FAMILY = 4;
				WATCHOS_DEPLOYMENT_TARGET = 6.2;
			};
			name = Debug;
		};
		500256F32509248C00B32C91 /* Release */ = {
			isa = XCBuildConfiguration;
			buildSettings = {
				ASSETCATALOG_COMPILER_COMPLICATION_NAME = Complication;
				CODE_SIGN_STYLE = Automatic;
				INFOPLIST_FILE = "WatchKitMemoryLeak WatchKit Extension/Info.plist";
				LD_RUNPATH_SEARCH_PATHS = (
					"$(inherited)",
					"@executable_path/Frameworks",
					"@executable_path/../../Frameworks",
				);
				PRODUCT_BUNDLE_IDENTIFIER = com.myswimpro.apps.MySwimPro.WatchKitMemoryLeak.watchkitapp.watchkitextension;
				PRODUCT_NAME = "${TARGET_NAME}";
				SDKROOT = watchos;
				SKIP_INSTALL = YES;
				SWIFT_VERSION = 5.0;
				TARGETED_DEVICE_FAMILY = 4;
				WATCHOS_DEPLOYMENT_TARGET = 6.2;
			};
			name = Release;
		};
		500256F62509248C00B32C91 /* Debug */ = {
			isa = XCBuildConfiguration;
			buildSettings = {
				ALWAYS_EMBED_SWIFT_STANDARD_LIBRARIES = YES;
				ASSETCATALOG_COMPILER_APPICON_NAME = AppIcon;
				CODE_SIGN_STYLE = Automatic;
				IBSC_MODULE = WatchKitMemoryLeak_WatchKit_Extension;
				INFOPLIST_FILE = "WatchKitMemoryLeak WatchKit App/Info.plist";
				PRODUCT_BUNDLE_IDENTIFIER = com.myswimpro.apps.MySwimPro.WatchKitMemoryLeak.watchkitapp;
				PRODUCT_NAME = "$(TARGET_NAME)";
				SDKROOT = watchos;
				SKIP_INSTALL = YES;
				SWIFT_VERSION = 5.0;
				TARGETED_DEVICE_FAMILY = 4;
				WATCHOS_DEPLOYMENT_TARGET = 6.2;
			};
			name = Debug;
		};
		500256F72509248C00B32C91 /* Release */ = {
			isa = XCBuildConfiguration;
			buildSettings = {
				ALWAYS_EMBED_SWIFT_STANDARD_LIBRARIES = YES;
				ASSETCATALOG_COMPILER_APPICON_NAME = AppIcon;
				CODE_SIGN_STYLE = Automatic;
				IBSC_MODULE = WatchKitMemoryLeak_WatchKit_Extension;
				INFOPLIST_FILE = "WatchKitMemoryLeak WatchKit App/Info.plist";
				PRODUCT_BUNDLE_IDENTIFIER = com.myswimpro.apps.MySwimPro.WatchKitMemoryLeak.watchkitapp;
				PRODUCT_NAME = "$(TARGET_NAME)";
				SDKROOT = watchos;
				SKIP_INSTALL = YES;
				SWIFT_VERSION = 5.0;
				TARGETED_DEVICE_FAMILY = 4;
				WATCHOS_DEPLOYMENT_TARGET = 6.2;
			};
			name = Release;
		};
		500256FA2509248C00B32C91 /* Debug */ = {
			isa = XCBuildConfiguration;
			buildSettings = {
				CODE_SIGN_STYLE = Automatic;
				CURRENT_PROJECT_VERSION = 1;
				MARKETING_VERSION = 1.0;
				PRODUCT_BUNDLE_IDENTIFIER = com.myswimpro.apps.MySwimPro.WatchKitMemoryLeak;
				PRODUCT_NAME = "$(TARGET_NAME)";
				SWIFT_VERSION = 5.0;
			};
			name = Debug;
		};
		500256FB2509248C00B32C91 /* Release */ = {
			isa = XCBuildConfiguration;
			buildSettings = {
				CODE_SIGN_STYLE = Automatic;
				CURRENT_PROJECT_VERSION = 1;
				MARKETING_VERSION = 1.0;
				PRODUCT_BUNDLE_IDENTIFIER = com.myswimpro.apps.MySwimPro.WatchKitMemoryLeak;
				PRODUCT_NAME = "$(TARGET_NAME)";
				SWIFT_VERSION = 5.0;
			};
			name = Release;
		};
/* End XCBuildConfiguration section */

/* Begin XCConfigurationList section */
		500256CD2509248A00B32C91 /* Build configuration list for PBXProject "WatchKitMemoryLeak" */ = {
			isa = XCConfigurationList;
			buildConfigurations = (
				500256EF2509248C00B32C91 /* Debug */,
				500256F02509248C00B32C91 /* Release */,
			);
			defaultConfigurationIsVisible = 0;
			defaultConfigurationName = Release;
		};
		500256F12509248C00B32C91 /* Build configuration list for PBXNativeTarget "WatchKitMemoryLeak WatchKit Extension" */ = {
			isa = XCConfigurationList;
			buildConfigurations = (
				500256F22509248C00B32C91 /* Debug */,
				500256F32509248C00B32C91 /* Release */,
			);
			defaultConfigurationIsVisible = 0;
			defaultConfigurationName = Release;
		};
		500256F52509248C00B32C91 /* Build configuration list for PBXNativeTarget "WatchKitMemoryLeak WatchKit App" */ = {
			isa = XCConfigurationList;
			buildConfigurations = (
				500256F62509248C00B32C91 /* Debug */,
				500256F72509248C00B32C91 /* Release */,
			);
			defaultConfigurationIsVisible = 0;
			defaultConfigurationName = Release;
		};
		500256F92509248C00B32C91 /* Build configuration list for PBXNativeTarget "WatchKitMemoryLeak" */ = {
			isa = XCConfigurationList;
			buildConfigurations = (
				500256FA2509248C00B32C91 /* Debug */,
				500256FB2509248C00B32C91 /* Release */,
			);
			defaultConfigurationIsVisible = 0;
			defaultConfigurationName = Release;
		};
/* End XCConfigurationList section */
	};
	rootObject = 500256CA2509248A00B32C91 /* Project object */;
}
